// !$*UTF8*$!
{
	archiveVersion = 1;
	classes = {
	};
	objectVersion = 46;
	objects = {

/* Begin PBXBuildFile section */
		D867DA901E3FC5D600C00117 /* BinarySearch.swift in Sources */ = {isa = PBXBuildFile; fileRef = D8ECF5F41E3F794E00E9A903 /* BinarySearch.swift */; };
		D87E1F351ECA2BA600B5C7D8 /* BinarySearchTests.swift in Sources */ = {isa = PBXBuildFile; fileRef = D87E1F341ECA2B7500B5C7D8 /* BinarySearchTests.swift */; };
		D87E1F361ECA2BA700B5C7D8 /* BinarySearchTests.swift in Sources */ = {isa = PBXBuildFile; fileRef = D87E1F341ECA2B7500B5C7D8 /* BinarySearchTests.swift */; };
		D87F37541E4131BD007C12AD /* BinarySearch.swift in Sources */ = {isa = PBXBuildFile; fileRef = D8ECF5F41E3F794E00E9A903 /* BinarySearch.swift */; };
		D87F37661E4132FD007C12AD /* BinarySearch.framework in Frameworks */ = {isa = PBXBuildFile; fileRef = D867DA881E3FC54A00C00117 /* BinarySearch.framework */; };
		D87F37751E41332F007C12AD /* BinarySearch.framework in Frameworks */ = {isa = PBXBuildFile; fileRef = D87F375B1E4131BD007C12AD /* BinarySearch.framework */; };
/* End PBXBuildFile section */

/* Begin PBXContainerItemProxy section */
		D87F37671E4132FD007C12AD /* PBXContainerItemProxy */ = {
			isa = PBXContainerItemProxy;
			containerPortal = D8ECF5DF1E3F78BC00E9A903 /* Project object */;
			proxyType = 1;
			remoteGlobalIDString = D867DA871E3FC54A00C00117;
			remoteInfo = BinarySearch_macOS;
		};
		D87F37761E41332F007C12AD /* PBXContainerItemProxy */ = {
			isa = PBXContainerItemProxy;
			containerPortal = D8ECF5DF1E3F78BC00E9A903 /* Project object */;
			proxyType = 1;
			remoteGlobalIDString = D87F37521E4131BD007C12AD;
			remoteInfo = BinarySearch_iOS;
		};
/* End PBXContainerItemProxy section */

/* Begin PBXFileReference section */
		D867DA881E3FC54A00C00117 /* BinarySearch.framework */ = {isa = PBXFileReference; explicitFileType = wrapper.framework; includeInIndex = 0; path = BinarySearch.framework; sourceTree = BUILT_PRODUCTS_DIR; };
		D87E1F341ECA2B7500B5C7D8 /* BinarySearchTests.swift */ = {isa = PBXFileReference; lastKnownFileType = sourcecode.swift; path = BinarySearchTests.swift; sourceTree = "<group>"; };
		D87F37501E413160007C12AD /* BinarySearch.h */ = {isa = PBXFileReference; lastKnownFileType = sourcecode.c.h; path = BinarySearch.h; sourceTree = "<group>"; };
		D87F37511E413160007C12AD /* Info.plist */ = {isa = PBXFileReference; lastKnownFileType = text.plist.xml; path = Info.plist; sourceTree = "<group>"; };
		D87F375B1E4131BD007C12AD /* BinarySearch.framework */ = {isa = PBXFileReference; explicitFileType = wrapper.framework; includeInIndex = 0; path = BinarySearch.framework; sourceTree = BUILT_PRODUCTS_DIR; };
		D87F37611E4132FD007C12AD /* BinarySearch_macOSTests.xctest */ = {isa = PBXFileReference; explicitFileType = wrapper.cfbundle; includeInIndex = 0; path = BinarySearch_macOSTests.xctest; sourceTree = BUILT_PRODUCTS_DIR; };
		D87F37651E4132FD007C12AD /* Info.plist */ = {isa = PBXFileReference; lastKnownFileType = text.plist.xml; path = Info.plist; sourceTree = "<group>"; };
		D87F37701E41332F007C12AD /* BinarySearch_iOSTests.xctest */ = {isa = PBXFileReference; explicitFileType = wrapper.cfbundle; includeInIndex = 0; path = BinarySearch_iOSTests.xctest; sourceTree = BUILT_PRODUCTS_DIR; };
		D87F37741E41332F007C12AD /* Info.plist */ = {isa = PBXFileReference; lastKnownFileType = text.plist.xml; path = Info.plist; sourceTree = "<group>"; };
		D8ECF5F41E3F794E00E9A903 /* BinarySearch.swift */ = {isa = PBXFileReference; fileEncoding = 4; lastKnownFileType = sourcecode.swift; path = BinarySearch.swift; sourceTree = "<group>"; };
/* End PBXFileReference section */

/* Begin PBXFrameworksBuildPhase section */
		D867DA841E3FC54A00C00117 /* Frameworks */ = {
			isa = PBXFrameworksBuildPhase;
			buildActionMask = 2147483647;
			files = (
			);
			runOnlyForDeploymentPostprocessing = 0;
		};
		D87F37551E4131BD007C12AD /* Frameworks */ = {
			isa = PBXFrameworksBuildPhase;
			buildActionMask = 2147483647;
			files = (
			);
			runOnlyForDeploymentPostprocessing = 0;
		};
		D87F375E1E4132FD007C12AD /* Frameworks */ = {
			isa = PBXFrameworksBuildPhase;
			buildActionMask = 2147483647;
			files = (
				D87F37661E4132FD007C12AD /* BinarySearch.framework in Frameworks */,
			);
			runOnlyForDeploymentPostprocessing = 0;
		};
		D87F376D1E41332F007C12AD /* Frameworks */ = {
			isa = PBXFrameworksBuildPhase;
			buildActionMask = 2147483647;
			files = (
				D87F37751E41332F007C12AD /* BinarySearch.framework in Frameworks */,
			);
			runOnlyForDeploymentPostprocessing = 0;
		};
/* End PBXFrameworksBuildPhase section */

/* Begin PBXGroup section */
		D87E1F321ECA2B7500B5C7D8 /* Tests */ = {
			isa = PBXGroup;
			children = (
				D87E1F331ECA2B7500B5C7D8 /* BinarySearchTests */,
			);
			name = Tests;
			path = ../Tests;
			sourceTree = "<group>";
		};
		D87E1F331ECA2B7500B5C7D8 /* BinarySearchTests */ = {
			isa = PBXGroup;
			children = (
				D87E1F341ECA2B7500B5C7D8 /* BinarySearchTests.swift */,
			);
			path = BinarySearchTests;
			sourceTree = "<group>";
		};
		D87F374F1E413160007C12AD /* BinarySearch */ = {
			isa = PBXGroup;
			children = (
				D87F37501E413160007C12AD /* BinarySearch.h */,
				D87F37511E413160007C12AD /* Info.plist */,
			);
			path = BinarySearch;
			sourceTree = "<group>";
		};
		D87F37621E4132FD007C12AD /* BinarySearch_macOSTests */ = {
			isa = PBXGroup;
			children = (
				D87F37651E4132FD007C12AD /* Info.plist */,
			);
			path = BinarySearch_macOSTests;
			sourceTree = "<group>";
		};
		D87F37711E41332F007C12AD /* BinarySearch_iOSTests */ = {
			isa = PBXGroup;
			children = (
				D87F37741E41332F007C12AD /* Info.plist */,
			);
			path = BinarySearch_iOSTests;
			sourceTree = "<group>";
		};
		D8ECF5DE1E3F78BC00E9A903 = {
			isa = PBXGroup;
			children = (
				D8ECF5F31E3F793F00E9A903 /* Sources */,
				D87E1F321ECA2B7500B5C7D8 /* Tests */,
				D87F374F1E413160007C12AD /* BinarySearch */,
				D87F37621E4132FD007C12AD /* BinarySearch_macOSTests */,
				D87F37711E41332F007C12AD /* BinarySearch_iOSTests */,
				D8ECF5E91E3F78BC00E9A903 /* Products */,
			);
			sourceTree = "<group>";
		};
		D8ECF5E91E3F78BC00E9A903 /* Products */ = {
			isa = PBXGroup;
			children = (
				D867DA881E3FC54A00C00117 /* BinarySearch.framework */,
				D87F375B1E4131BD007C12AD /* BinarySearch.framework */,
				D87F37611E4132FD007C12AD /* BinarySearch_macOSTests.xctest */,
				D87F37701E41332F007C12AD /* BinarySearch_iOSTests.xctest */,
			);
			name = Products;
			sourceTree = "<group>";
		};
		D8ECF5F31E3F793F00E9A903 /* Sources */ = {
			isa = PBXGroup;
			children = (
				D8ECF5F41E3F794E00E9A903 /* BinarySearch.swift */,
			);
			name = Sources;
			path = ../Sources;
			sourceTree = "<group>";
		};
/* End PBXGroup section */

/* Begin PBXHeadersBuildPhase section */
		D867DA851E3FC54A00C00117 /* Headers */ = {
			isa = PBXHeadersBuildPhase;
			buildActionMask = 2147483647;
			files = (
			);
			runOnlyForDeploymentPostprocessing = 0;
		};
		D87F37561E4131BD007C12AD /* Headers */ = {
			isa = PBXHeadersBuildPhase;
			buildActionMask = 2147483647;
			files = (
			);
			runOnlyForDeploymentPostprocessing = 0;
		};
/* End PBXHeadersBuildPhase section */

/* Begin PBXNativeTarget section */
		D867DA871E3FC54A00C00117 /* BinarySearch_macOS */ = {
			isa = PBXNativeTarget;
			buildConfigurationList = D867DA8D1E3FC54B00C00117 /* Build configuration list for PBXNativeTarget "BinarySearch_macOS" */;
			buildPhases = (
				D867DA831E3FC54A00C00117 /* Sources */,
				D867DA841E3FC54A00C00117 /* Frameworks */,
				D867DA851E3FC54A00C00117 /* Headers */,
				D867DA861E3FC54A00C00117 /* Resources */,
			);
			buildRules = (
			);
			dependencies = (
			);
			name = BinarySearch_macOS;
			productName = BinarySearch_macOS;
			productReference = D867DA881E3FC54A00C00117 /* BinarySearch.framework */;
			productType = "com.apple.product-type.framework";
		};
		D87F37521E4131BD007C12AD /* BinarySearch_iOS */ = {
			isa = PBXNativeTarget;
			buildConfigurationList = D87F37581E4131BD007C12AD /* Build configuration list for PBXNativeTarget "BinarySearch_iOS" */;
			buildPhases = (
				D87F37531E4131BD007C12AD /* Sources */,
				D87F37551E4131BD007C12AD /* Frameworks */,
				D87F37561E4131BD007C12AD /* Headers */,
				D87F37571E4131BD007C12AD /* Resources */,
			);
			buildRules = (
			);
			dependencies = (
			);
			name = BinarySearch_iOS;
			productName = BinarySearch_macOS;
			productReference = D87F375B1E4131BD007C12AD /* BinarySearch.framework */;
			productType = "com.apple.product-type.framework";
		};
		D87F37601E4132FD007C12AD /* BinarySearch_macOSTests */ = {
			isa = PBXNativeTarget;
			buildConfigurationList = D87F37691E4132FD007C12AD /* Build configuration list for PBXNativeTarget "BinarySearch_macOSTests" */;
			buildPhases = (
				D87F375D1E4132FD007C12AD /* Sources */,
				D87F375E1E4132FD007C12AD /* Frameworks */,
				D87F375F1E4132FD007C12AD /* Resources */,
			);
			buildRules = (
			);
			dependencies = (
				D87F37681E4132FD007C12AD /* PBXTargetDependency */,
			);
			name = BinarySearch_macOSTests;
			productName = BinarySearch_macOSTests;
			productReference = D87F37611E4132FD007C12AD /* BinarySearch_macOSTests.xctest */;
			productType = "com.apple.product-type.bundle.unit-test";
		};
		D87F376F1E41332F007C12AD /* BinarySearch_iOSTests */ = {
			isa = PBXNativeTarget;
			buildConfigurationList = D87F37781E41332F007C12AD /* Build configuration list for PBXNativeTarget "BinarySearch_iOSTests" */;
			buildPhases = (
				D87F376C1E41332F007C12AD /* Sources */,
				D87F376D1E41332F007C12AD /* Frameworks */,
				D87F376E1E41332F007C12AD /* Resources */,
			);
			buildRules = (
			);
			dependencies = (
				D87F37771E41332F007C12AD /* PBXTargetDependency */,
			);
			name = BinarySearch_iOSTests;
			productName = BinarySearch_iOSTests;
			productReference = D87F37701E41332F007C12AD /* BinarySearch_iOSTests.xctest */;
			productType = "com.apple.product-type.bundle.unit-test";
		};
/* End PBXNativeTarget section */

/* Begin PBXProject section */
		D8ECF5DF1E3F78BC00E9A903 /* Project object */ = {
			isa = PBXProject;
			attributes = {
				LastSwiftUpdateCheck = 0820;
				LastUpgradeCheck = 1010;
				ORGANIZATIONNAME = "Tristan Inc.";
				TargetAttributes = {
					D867DA871E3FC54A00C00117 = {
						CreatedOnToolsVersion = 8.2.1;
						DevelopmentTeam = V85GBYB7B9;
						LastSwiftMigration = "";
						ProvisioningStyle = Automatic;
					};
					D87F37521E4131BD007C12AD = {
						DevelopmentTeam = V85GBYB7B9;
						LastSwiftMigration = "";
					};
					D87F37601E4132FD007C12AD = {
						CreatedOnToolsVersion = 8.2.1;
						DevelopmentTeam = V85GBYB7B9;
						LastSwiftMigration = "";
						ProvisioningStyle = Automatic;
					};
					D87F376F1E41332F007C12AD = {
						CreatedOnToolsVersion = 8.2.1;
						DevelopmentTeam = V85GBYB7B9;
						LastSwiftMigration = "";
						ProvisioningStyle = Automatic;
					};
				};
			};
			buildConfigurationList = D8ECF5E21E3F78BC00E9A903 /* Build configuration list for PBXProject "BinarySearch" */;
			compatibilityVersion = "Xcode 3.2";
			developmentRegion = English;
			hasScannedForEncodings = 0;
			knownRegions = (
				en,
			);
			mainGroup = D8ECF5DE1E3F78BC00E9A903;
			productRefGroup = D8ECF5E91E3F78BC00E9A903 /* Products */;
			projectDirPath = "";
			projectRoot = "";
			targets = (
				D867DA871E3FC54A00C00117 /* BinarySearch_macOS */,
				D87F37521E4131BD007C12AD /* BinarySearch_iOS */,
				D87F37601E4132FD007C12AD /* BinarySearch_macOSTests */,
				D87F376F1E41332F007C12AD /* BinarySearch_iOSTests */,
			);
		};
/* End PBXProject section */

/* Begin PBXResourcesBuildPhase section */
		D867DA861E3FC54A00C00117 /* Resources */ = {
			isa = PBXResourcesBuildPhase;
			buildActionMask = 2147483647;
			files = (
			);
			runOnlyForDeploymentPostprocessing = 0;
		};
		D87F37571E4131BD007C12AD /* Resources */ = {
			isa = PBXResourcesBuildPhase;
			buildActionMask = 2147483647;
			files = (
			);
			runOnlyForDeploymentPostprocessing = 0;
		};
		D87F375F1E4132FD007C12AD /* Resources */ = {
			isa = PBXResourcesBuildPhase;
			buildActionMask = 2147483647;
			files = (
			);
			runOnlyForDeploymentPostprocessing = 0;
		};
		D87F376E1E41332F007C12AD /* Resources */ = {
			isa = PBXResourcesBuildPhase;
			buildActionMask = 2147483647;
			files = (
			);
			runOnlyForDeploymentPostprocessing = 0;
		};
/* End PBXResourcesBuildPhase section */

/* Begin PBXSourcesBuildPhase section */
		D867DA831E3FC54A00C00117 /* Sources */ = {
			isa = PBXSourcesBuildPhase;
			buildActionMask = 2147483647;
			files = (
				D867DA901E3FC5D600C00117 /* BinarySearch.swift in Sources */,
			);
			runOnlyForDeploymentPostprocessing = 0;
		};
		D87F37531E4131BD007C12AD /* Sources */ = {
			isa = PBXSourcesBuildPhase;
			buildActionMask = 2147483647;
			files = (
				D87F37541E4131BD007C12AD /* BinarySearch.swift in Sources */,
			);
			runOnlyForDeploymentPostprocessing = 0;
		};
		D87F375D1E4132FD007C12AD /* Sources */ = {
			isa = PBXSourcesBuildPhase;
			buildActionMask = 2147483647;
			files = (
				D87E1F351ECA2BA600B5C7D8 /* BinarySearchTests.swift in Sources */,
			);
			runOnlyForDeploymentPostprocessing = 0;
		};
		D87F376C1E41332F007C12AD /* Sources */ = {
			isa = PBXSourcesBuildPhase;
			buildActionMask = 2147483647;
			files = (
				D87E1F361ECA2BA700B5C7D8 /* BinarySearchTests.swift in Sources */,
			);
			runOnlyForDeploymentPostprocessing = 0;
		};
/* End PBXSourcesBuildPhase section */

/* Begin PBXTargetDependency section */
		D87F37681E4132FD007C12AD /* PBXTargetDependency */ = {
			isa = PBXTargetDependency;
			target = D867DA871E3FC54A00C00117 /* BinarySearch_macOS */;
			targetProxy = D87F37671E4132FD007C12AD /* PBXContainerItemProxy */;
		};
		D87F37771E41332F007C12AD /* PBXTargetDependency */ = {
			isa = PBXTargetDependency;
			target = D87F37521E4131BD007C12AD /* BinarySearch_iOS */;
			targetProxy = D87F37761E41332F007C12AD /* PBXContainerItemProxy */;
		};
/* End PBXTargetDependency section */

/* Begin XCBuildConfiguration section */
		D867DA8E1E3FC54B00C00117 /* Debug */ = {
			isa = XCBuildConfiguration;
			buildSettings = {
				CODE_SIGN_IDENTITY = "";
				COMBINE_HIDPI_IMAGES = YES;
				DEFINES_MODULE = YES;
				DEVELOPMENT_TEAM = V85GBYB7B9;
				DYLIB_COMPATIBILITY_VERSION = 1;
				DYLIB_CURRENT_VERSION = 1;
				DYLIB_INSTALL_NAME_BASE = "@rpath";
				FRAMEWORK_VERSION = A;
				INFOPLIST_FILE = BinarySearch/Info.plist;
				INSTALL_PATH = "$(LOCAL_LIBRARY_DIR)/Frameworks";
				LD_RUNPATH_SEARCH_PATHS = "$(inherited) @executable_path/../Frameworks @loader_path/Frameworks";
				PRODUCT_BUNDLE_IDENTIFIER = com.tristan.BinarySearch;
				PRODUCT_NAME = BinarySearch;
				SDKROOT = macosx;
				SKIP_INSTALL = YES;
				SWIFT_VERSION = 4.2;
			};
			name = Debug;
		};
		D867DA8F1E3FC54B00C00117 /* Release */ = {
			isa = XCBuildConfiguration;
			buildSettings = {
				CODE_SIGN_IDENTITY = "";
				COMBINE_HIDPI_IMAGES = YES;
				DEFINES_MODULE = YES;
				DEVELOPMENT_TEAM = V85GBYB7B9;
				DYLIB_COMPATIBILITY_VERSION = 1;
				DYLIB_CURRENT_VERSION = 1;
				DYLIB_INSTALL_NAME_BASE = "@rpath";
				FRAMEWORK_VERSION = A;
				INFOPLIST_FILE = BinarySearch/Info.plist;
				INSTALL_PATH = "$(LOCAL_LIBRARY_DIR)/Frameworks";
				LD_RUNPATH_SEARCH_PATHS = "$(inherited) @executable_path/../Frameworks @loader_path/Frameworks";
				PRODUCT_BUNDLE_IDENTIFIER = com.tristan.BinarySearch;
				PRODUCT_NAME = BinarySearch;
				SDKROOT = macosx;
				SKIP_INSTALL = YES;
				SWIFT_VERSION = 4.2;
			};
			name = Release;
		};
		D87F37591E4131BD007C12AD /* Debug */ = {
			isa = XCBuildConfiguration;
			buildSettings = {
				CODE_SIGN_IDENTITY = "";
				COMBINE_HIDPI_IMAGES = YES;
				DEFINES_MODULE = YES;
				DEVELOPMENT_TEAM = V85GBYB7B9;
				DYLIB_COMPATIBILITY_VERSION = 1;
				DYLIB_CURRENT_VERSION = 1;
				DYLIB_INSTALL_NAME_BASE = "@rpath";
				FRAMEWORK_VERSION = A;
				INFOPLIST_FILE = BinarySearch/Info.plist;
				INSTALL_PATH = "$(LOCAL_LIBRARY_DIR)/Frameworks";
				LD_RUNPATH_SEARCH_PATHS = "$(inherited) @executable_path/../Frameworks @loader_path/Frameworks";
				PRODUCT_BUNDLE_IDENTIFIER = com.tristan.BinarySearch;
				PRODUCT_NAME = BinarySearch;
				SDKROOT = iphoneos;
				SKIP_INSTALL = YES;
				SWIFT_VERSION = 4.2;
			};
			name = Debug;
		};
		D87F375A1E4131BD007C12AD /* Release */ = {
			isa = XCBuildConfiguration;
			buildSettings = {
				CODE_SIGN_IDENTITY = "";
				COMBINE_HIDPI_IMAGES = YES;
				DEFINES_MODULE = YES;
				DEVELOPMENT_TEAM = V85GBYB7B9;
				DYLIB_COMPATIBILITY_VERSION = 1;
				DYLIB_CURRENT_VERSION = 1;
				DYLIB_INSTALL_NAME_BASE = "@rpath";
				FRAMEWORK_VERSION = A;
				INFOPLIST_FILE = BinarySearch/Info.plist;
				INSTALL_PATH = "$(LOCAL_LIBRARY_DIR)/Frameworks";
				LD_RUNPATH_SEARCH_PATHS = "$(inherited) @executable_path/../Frameworks @loader_path/Frameworks";
				PRODUCT_BUNDLE_IDENTIFIER = com.tristan.BinarySearch;
				PRODUCT_NAME = BinarySearch;
				SDKROOT = iphoneos;
				SKIP_INSTALL = YES;
				SWIFT_VERSION = 4.2;
			};
			name = Release;
		};
		D87F376A1E4132FD007C12AD /* Debug */ = {
			isa = XCBuildConfiguration;
			buildSettings = {
				COMBINE_HIDPI_IMAGES = YES;
				DEVELOPMENT_TEAM = V85GBYB7B9;
				INFOPLIST_FILE = BinarySearch_macOSTests/Info.plist;
				LD_RUNPATH_SEARCH_PATHS = "$(inherited) @executable_path/../Frameworks @loader_path/../Frameworks";
				PRODUCT_BUNDLE_IDENTIFIER = "com.tristan.BinarySearch-macOSTests";
				PRODUCT_NAME = "$(TARGET_NAME)";
				SDKROOT = macosx;
				SWIFT_VERSION = 4.2;
			};
			name = Debug;
		};
		D87F376B1E4132FD007C12AD /* Release */ = {
			isa = XCBuildConfiguration;
			buildSettings = {
				COMBINE_HIDPI_IMAGES = YES;
				DEVELOPMENT_TEAM = V85GBYB7B9;
				INFOPLIST_FILE = BinarySearch_macOSTests/Info.plist;
				LD_RUNPATH_SEARCH_PATHS = "$(inherited) @executable_path/../Frameworks @loader_path/../Frameworks";
				PRODUCT_BUNDLE_IDENTIFIER = "com.tristan.BinarySearch-macOSTests";
				PRODUCT_NAME = "$(TARGET_NAME)";
				SDKROOT = macosx;
				SWIFT_VERSION = 4.2;
			};
			name = Release;
		};
		D87F37791E41332F007C12AD /* Debug */ = {
			isa = XCBuildConfiguration;
			buildSettings = {
				"CODE_SIGN_IDENTITY[sdk=iphoneos*]" = "iPhone Developer";
				DEVELOPMENT_TEAM = V85GBYB7B9;
				INFOPLIST_FILE = BinarySearch_iOSTests/Info.plist;
				IPHONEOS_DEPLOYMENT_TARGET = 10.2;
				LD_RUNPATH_SEARCH_PATHS = "$(inherited) @executable_path/Frameworks @loader_path/Frameworks";
				PRODUCT_BUNDLE_IDENTIFIER = "com.tristan.BinarySearch-iOSTests";
				PRODUCT_NAME = "$(TARGET_NAME)";
				SDKROOT = iphoneos;
				SWIFT_VERSION = 4.2;
			};
			name = Debug;
		};
		D87F377A1E41332F007C12AD /* Release */ = {
			isa = XCBuildConfiguration;
			buildSettings = {
				"CODE_SIGN_IDENTITY[sdk=iphoneos*]" = "iPhone Developer";
				DEVELOPMENT_TEAM = V85GBYB7B9;
				INFOPLIST_FILE = BinarySearch_iOSTests/Info.plist;
				IPHONEOS_DEPLOYMENT_TARGET = 10.2;
				LD_RUNPATH_SEARCH_PATHS = "$(inherited) @executable_path/Frameworks @loader_path/Frameworks";
				PRODUCT_BUNDLE_IDENTIFIER = "com.tristan.BinarySearch-iOSTests";
				PRODUCT_NAME = "$(TARGET_NAME)";
				SDKROOT = iphoneos;
				SWIFT_VERSION = 4.2;
				VALIDATE_PRODUCT = YES;
			};
			name = Release;
		};
		D8ECF5EE1E3F78BC00E9A903 /* Debug */ = {
			isa = XCBuildConfiguration;
			buildSettings = {
				ALWAYS_SEARCH_USER_PATHS = NO;
				CLANG_ANALYZER_NONNULL = YES;
				CLANG_CXX_LANGUAGE_STANDARD = "gnu++0x";
				CLANG_CXX_LIBRARY = "libc++";
				CLANG_ENABLE_MODULES = YES;
				CLANG_ENABLE_OBJC_ARC = YES;
				CLANG_WARN_BLOCK_CAPTURE_AUTORELEASING = YES;
				CLANG_WARN_BOOL_CONVERSION = YES;
				CLANG_WARN_COMMA = YES;
				CLANG_WARN_CONSTANT_CONVERSION = YES;
				CLANG_WARN_DEPRECATED_OBJC_IMPLEMENTATIONS = YES;
				CLANG_WARN_DIRECT_OBJC_ISA_USAGE = YES_ERROR;
				CLANG_WARN_DOCUMENTATION_COMMENTS = YES;
				CLANG_WARN_EMPTY_BODY = YES;
				CLANG_WARN_ENUM_CONVERSION = YES;
				CLANG_WARN_INFINITE_RECURSION = YES;
				CLANG_WARN_INT_CONVERSION = YES;
				CLANG_WARN_NON_LITERAL_NULL_CONVERSION = YES;
				CLANG_WARN_OBJC_IMPLICIT_RETAIN_SELF = YES;
				CLANG_WARN_OBJC_LITERAL_CONVERSION = YES;
				CLANG_WARN_OBJC_ROOT_CLASS = YES_ERROR;
				CLANG_WARN_RANGE_LOOP_ANALYSIS = YES;
				CLANG_WARN_STRICT_PROTOTYPES = YES;
				CLANG_WARN_SUSPICIOUS_MOVE = YES;
				CLANG_WARN_UNREACHABLE_CODE = YES;
				CLANG_WARN__DUPLICATE_METHOD_MATCH = YES;
				CODE_SIGN_IDENTITY = "-";
				COPY_PHASE_STRIP = NO;
				CURRENT_PROJECT_VERSION = 1;
				DEBUG_INFORMATION_FORMAT = dwarf;
				ENABLE_STRICT_OBJC_MSGSEND = YES;
				ENABLE_TESTABILITY = YES;
				GCC_C_LANGUAGE_STANDARD = gnu99;
				GCC_DYNAMIC_NO_PIC = NO;
				GCC_NO_COMMON_BLOCKS = YES;
				GCC_OPTIMIZATION_LEVEL = 0;
				GCC_PREPROCESSOR_DEFINITIONS = (
					"DEBUG=1",
					"$(inherited)",
				);
				GCC_WARN_64_TO_32_BIT_CONVERSION = YES;
				GCC_WARN_ABOUT_RETURN_TYPE = YES_ERROR;
				GCC_WARN_UNDECLARED_SELECTOR = YES;
				GCC_WARN_UNINITIALIZED_AUTOS = YES_AGGRESSIVE;
				GCC_WARN_UNUSED_FUNCTION = YES;
				GCC_WARN_UNUSED_VARIABLE = YES;
				IPHONEOS_DEPLOYMENT_TARGET = 8.0;
				MACOSX_DEPLOYMENT_TARGET = 10.11;
				MTL_ENABLE_DEBUG_INFO = YES;
				ONLY_ACTIVE_ARCH = YES;
				SWIFT_ACTIVE_COMPILATION_CONDITIONS = DEBUG;
				SWIFT_OPTIMIZATION_LEVEL = "-Onone";
				VERSIONING_SYSTEM = "apple-generic";
				VERSION_INFO_PREFIX = "";
			};
			name = Debug;
		};
		D8ECF5EF1E3F78BC00E9A903 /* Release */ = {
			isa = XCBuildConfiguration;
			buildSettings = {
				ALWAYS_SEARCH_USER_PATHS = NO;
				CLANG_ANALYZER_NONNULL = YES;
				CLANG_CXX_LANGUAGE_STANDARD = "gnu++0x";
				CLANG_CXX_LIBRARY = "libc++";
				CLANG_ENABLE_MODULES = YES;
				CLANG_ENABLE_OBJC_ARC = YES;
				CLANG_WARN_BLOCK_CAPTURE_AUTORELEASING = YES;
				CLANG_WARN_BOOL_CONVERSION = YES;
				CLANG_WARN_COMMA = YES;
				CLANG_WARN_CONSTANT_CONVERSION = YES;
				CLANG_WARN_DEPRECATED_OBJC_IMPLEMENTATIONS = YES;
				CLANG_WARN_DIRECT_OBJC_ISA_USAGE = YES_ERROR;
				CLANG_WARN_DOCUMENTATION_COMMENTS = YES;
				CLANG_WARN_EMPTY_BODY = YES;
				CLANG_WARN_ENUM_CONVERSION = YES;
				CLANG_WARN_INFINITE_RECURSION = YES;
				CLANG_WARN_INT_CONVERSION = YES;
				CLANG_WARN_NON_LITERAL_NULL_CONVERSION = YES;
				CLANG_WARN_OBJC_IMPLICIT_RETAIN_SELF = YES;
				CLANG_WARN_OBJC_LITERAL_CONVERSION = YES;
				CLANG_WARN_OBJC_ROOT_CLASS = YES_ERROR;
				CLANG_WARN_RANGE_LOOP_ANALYSIS = YES;
				CLANG_WARN_STRICT_PROTOTYPES = YES;
				CLANG_WARN_SUSPICIOUS_MOVE = YES;
				CLANG_WARN_UNREACHABLE_CODE = YES;
				CLANG_WARN__DUPLICATE_METHOD_MATCH = YES;
				CODE_SIGN_IDENTITY = "-";
				COPY_PHASE_STRIP = NO;
				CURRENT_PROJECT_VERSION = 1;
				DEBUG_INFORMATION_FORMAT = "dwarf-with-dsym";
				ENABLE_NS_ASSERTIONS = NO;
				ENABLE_STRICT_OBJC_MSGSEND = YES;
				GCC_C_LANGUAGE_STANDARD = gnu99;
				GCC_NO_COMMON_BLOCKS = YES;
				GCC_WARN_64_TO_32_BIT_CONVERSION = YES;
				GCC_WARN_ABOUT_RETURN_TYPE = YES_ERROR;
				GCC_WARN_UNDECLARED_SELECTOR = YES;
				GCC_WARN_UNINITIALIZED_AUTOS = YES_AGGRESSIVE;
				GCC_WARN_UNUSED_FUNCTION = YES;
				GCC_WARN_UNUSED_VARIABLE = YES;
				IPHONEOS_DEPLOYMENT_TARGET = 8.0;
				MACOSX_DEPLOYMENT_TARGET = 10.11;
				MTL_ENABLE_DEBUG_INFO = NO;
				SWIFT_OPTIMIZATION_LEVEL = "-Owholemodule";
				VERSIONING_SYSTEM = "apple-generic";
				VERSION_INFO_PREFIX = "";
			};
			name = Release;
		};
/* End XCBuildConfiguration section */

/* Begin XCConfigurationList section */
		D867DA8D1E3FC54B00C00117 /* Build configuration list for PBXNativeTarget "BinarySearch_macOS" */ = {
			isa = XCConfigurationList;
			buildConfigurations = (
				D867DA8E1E3FC54B00C00117 /* Debug */,
				D867DA8F1E3FC54B00C00117 /* Release */,
			);
			defaultConfigurationIsVisible = 0;
			defaultConfigurationName = Release;
		};
		D87F37581E4131BD007C12AD /* Build configuration list for PBXNativeTarget "BinarySearch_iOS" */ = {
			isa = XCConfigurationList;
			buildConfigurations = (
				D87F37591E4131BD007C12AD /* Debug */,
				D87F375A1E4131BD007C12AD /* Release */,
			);
			defaultConfigurationIsVisible = 0;
			defaultConfigurationName = Release;
		};
		D87F37691E4132FD007C12AD /* Build configuration list for PBXNativeTarget "BinarySearch_macOSTests" */ = {
			isa = XCConfigurationList;
			buildConfigurations = (
				D87F376A1E4132FD007C12AD /* Debug */,
				D87F376B1E4132FD007C12AD /* Release */,
			);
			defaultConfigurationIsVisible = 0;
			defaultConfigurationName = Release;
		};
		D87F37781E41332F007C12AD /* Build configuration list for PBXNativeTarget "BinarySearch_iOSTests" */ = {
			isa = XCConfigurationList;
			buildConfigurations = (
				D87F37791E41332F007C12AD /* Debug */,
				D87F377A1E41332F007C12AD /* Release */,
			);
			defaultConfigurationIsVisible = 0;
			defaultConfigurationName = Release;
		};
		D8ECF5E21E3F78BC00E9A903 /* Build configuration list for PBXProject "BinarySearch" */ = {
			isa = XCConfigurationList;
			buildConfigurations = (
				D8ECF5EE1E3F78BC00E9A903 /* Debug */,
				D8ECF5EF1E3F78BC00E9A903 /* Release */,
			);
			defaultConfigurationIsVisible = 0;
			defaultConfigurationName = Release;
		};
/* End XCConfigurationList section */
	};
	rootObject = D8ECF5DF1E3F78BC00E9A903 /* Project object */;
}
